# THIS IS AN AUTOGENERATED FILE. DO NOT EDIT THIS FILE DIRECTLY.
assets/custom.css:
  development: 2018-03-01T01:01:37-08:00   6fc1e3cb0c3d019491f4bc543f61ec8d
assets/grunt_bundle_output.min.css:
  development: 2018-02-28T16:46:37-08:00   ccb1039008df61b5164c2ce851e4ff97
layout/theme.liquid:
  development: 2018-02-28T23:13:24-08:00   2e9201fff4dd2b70b8002c051c9161c4
layout/theme.login.liquid:
  development: 2018-02-28T23:05:20-08:00   89750958ccd3b37e6e8b238464f413bf
layout/theme.noFastClick.liquid:
  development: 2018-02-28T23:07:00-08:00   fabac6ffee10698a5924458ddd2bfa15
layout/theme.nofollow.liquid:
  development: 2018-02-28T23:07:48-08:00   baf5a7fbe269977a0ae9f0889f77b015
templates/page.coop-cares.liquid:
  development: 2018-02-28T23:23:34-08:00   89578338d93ca0df0ae61c8d708b3f12
templates/page.coop_summit.liquid:
  development: 2018-02-28T23:16:33-08:00   5e9cdb86d1bc4aeabc569cc82df35dc1
templates/page.liquid:
  development: 2018-03-01T01:12:31-08:00   78270804983fed2a90af8709b83d5d0c
templates/page.roiInput.liquid:
  development: 2018-03-01T09:03:37-08:00   966ea4ed20d4c0b3b22a54cf256b63a6
templates/page.roiOutput.liquid:
  development: 2018-03-01T09:03:32-08:00   e97f7f5fca19e9a401e8b902934e9dd4
templates/page.team.liquid:
  development: 2018-03-01T09:04:04-08:00   daa1ab907ad99c0c0a9549621d869478
