# THIS IS AN AUTOGENERATED FILE. DO NOT EDIT THIS FILE DIRECTLY.
assets/CESELECTOR.ce_logic.js:
  development: 2018-04-04T22:04:47-07:00   1eec9108d628e549bf49893e7862252c
assets/CESELECTOR.select.css:
  development: 2018-04-04T17:33:51-07:00   c7f1045a40988a5ce49e12b1b6dc0a77
assets/CESELECTOR.sifter.js:
  development: 2018-04-04T17:33:52-07:00   fa8c8e0f46e73806fb167bdecb4f1780
assets/CESELECTOR.statedata.js:
  development: 2018-04-04T23:56:02-07:00   a5240fae0d154f4a75dbd1c3092e944e
assets/cc_notification-style.min.css:
  development: 2018-03-19T09:52:38-07:00   932330721dcfc0027b7976a300a51693
assets/cc_notification.js:
  development: 2018-03-02T08:04:58-08:00   3dd4c220462ca88b88d55cc7796fda3e
assets/custom.css:
  development: 2018-03-19T09:52:12-07:00   976d7ad77b414c24ae46173dee58ed96
assets/grunt_bundle_output.min.css:
  development: 2018-02-28T16:46:37-08:00   ccb1039008df61b5164c2ce851e4ff97
assets/grunt_critical_css_output.min.css:
  development: 2018-03-19T09:52:39-07:00   e71a69d6bc629feab45389f8d5cbfff4
assets/grunt_kc-responsive_custom.min.css:
  development: 2018-03-19T09:52:37-07:00   46c24298ceb23473d222d55ac16bc0ba
assets/jquery.fancybox.min.css:
  development: 2018-03-19T09:52:38-07:00   03030c16e028ea1565d08f68c30f4602
assets/speaking-lp.min.css:
  development: 2018-03-19T09:52:39-07:00   0fd35ce0af3b0567662b04e889fc4c7f
layout/checkout.liquid:
  development: 2018-04-04T22:20:36-07:00   512961eb60e87a4e38b80bfdac19b0a8
layout/theme.liquid:
  development: 2018-03-02T08:05:46-08:00   9cb5730576585e87c9a959683ec91fdf
layout/theme.login.liquid:
  development: 2018-03-01T12:15:45-08:00   e484ca347c865d27037beca7430d908e
layout/theme.noFastClick.liquid:
  development: 2018-03-27T15:59:08-07:00   e1799e2a0c899e7a138477acb7159d28
layout/theme.nofollow.liquid:
  development: 2018-02-28T23:07:48-08:00   baf5a7fbe269977a0ae9f0889f77b015
layout/theme.slim.liquid:
  development: 2018-04-04T23:03:55-07:00   c3bbd224ca3998468aa4a96089f37c05
templates/page.DEV_ce_selector.liquid:
  development: 2018-04-04T23:56:21-07:00   c15b4a6e2c7bac7ac97f9726b6896ca1
templates/page.LANDING_2018_ken_speaking_triler.liquid:
  development: 2018-03-20T16:38:59-07:00   cadf6c47158d7a7f535d47b4f9a6ec18
templates/page.LANDING_nate_guild_lp_2_26_20018.liquid:
  development: 2018-04-04T17:22:32-07:00   58a92b89cb42193f292bd6f2f8d181c9
templates/page.coop-cares.liquid:
  development: 2018-02-28T23:23:34-08:00   89578338d93ca0df0ae61c8d708b3f12
templates/page.coop_summit.liquid:
  development: 2018-02-28T23:16:33-08:00   5e9cdb86d1bc4aeabc569cc82df35dc1
templates/page.liquid:
  development: 2018-03-01T01:12:31-08:00   78270804983fed2a90af8709b83d5d0c
templates/page.roiInput.liquid:
  development: 2018-03-01T09:03:37-08:00   966ea4ed20d4c0b3b22a54cf256b63a6
templates/page.roiOutput.liquid:
  development: 2018-03-01T09:03:32-08:00   e97f7f5fca19e9a401e8b902934e9dd4
templates/page.speakers.liquid:
  development: 2018-03-21T13:56:31-07:00   7b14ff123fbd48516410fe50628eb8e7
templates/page.team.liquid:
  development: 2018-03-01T09:04:04-08:00   daa1ab907ad99c0c0a9549621d869478
templates/product.liquid:
  development: 2018-04-03T09:18:39-07:00   6ca5e6ba95adb3843c2f6fd5c4ad210d
templates/product.noFollow.liquid:
  development: 2018-04-03T09:21:47-07:00   a2e89ef4b5f54bf5c934a6e7aa25210c
templates/product.nofollowPLUSnoreccomended.liquid:
  development: 2018-04-03T15:43:07-07:00   1d855a0cb0393afaf82a59fabda74eb2
