# THIS IS AN AUTOGENERATED FILE. DO NOT EDIT THIS FILE DIRECTLY.
assets/cc_notification-style.min.css:
  development: 2018-03-19T09:52:38-07:00   932330721dcfc0027b7976a300a51693
assets/cc_notification.js:
  development: 2018-03-02T08:04:58-08:00   3dd4c220462ca88b88d55cc7796fda3e
assets/custom.css:
  development: 2018-03-19T09:52:12-07:00   976d7ad77b414c24ae46173dee58ed96
assets/grunt_bundle_output.min.css:
  development: 2018-02-28T16:46:37-08:00   ccb1039008df61b5164c2ce851e4ff97
assets/grunt_critical_css_output.min.css:
  development: 2018-03-19T09:52:39-07:00   e71a69d6bc629feab45389f8d5cbfff4
assets/grunt_kc-responsive_custom.min.css:
  development: 2018-03-19T09:52:37-07:00   46c24298ceb23473d222d55ac16bc0ba
assets/jquery.fancybox.min.css:
  development: 2018-03-19T09:52:38-07:00   03030c16e028ea1565d08f68c30f4602
assets/speaking-lp.min.css:
  development: 2018-03-19T09:52:39-07:00   0fd35ce0af3b0567662b04e889fc4c7f
layout/theme.liquid:
  development: 2018-03-02T08:05:46-08:00   9cb5730576585e87c9a959683ec91fdf
layout/theme.login.liquid:
  development: 2018-03-01T12:15:45-08:00   e484ca347c865d27037beca7430d908e
layout/theme.noFastClick.liquid:
  development: 2018-02-28T23:07:00-08:00   fabac6ffee10698a5924458ddd2bfa15
layout/theme.nofollow.liquid:
  development: 2018-02-28T23:07:48-08:00   baf5a7fbe269977a0ae9f0889f77b015
templates/page.coop-cares.liquid:
  development: 2018-02-28T23:23:34-08:00   89578338d93ca0df0ae61c8d708b3f12
templates/page.coop_summit.liquid:
  development: 2018-02-28T23:16:33-08:00   5e9cdb86d1bc4aeabc569cc82df35dc1
templates/page.liquid:
  development: 2018-03-01T01:12:31-08:00   78270804983fed2a90af8709b83d5d0c
templates/page.roiInput.liquid:
  development: 2018-03-01T09:03:37-08:00   966ea4ed20d4c0b3b22a54cf256b63a6
templates/page.roiOutput.liquid:
  development: 2018-03-01T09:03:32-08:00   e97f7f5fca19e9a401e8b902934e9dd4
templates/page.speakers.liquid:
  development: 2018-03-19T08:48:59-07:00   640310aafd71f6067da4448f8e09a089
templates/page.team.liquid:
  development: 2018-03-01T09:04:04-08:00   daa1ab907ad99c0c0a9549621d869478
